PODS:
  - Alamofire (4.7.2)
  - ESTabBarController-swift (2.6.2)
  - HandyJSON (4.2.1)
  - Kanna (4.0.0)
  - Kingfisher (4.2.0)
  - MJRefresh (3.1.15.3)
  - R.swift (4.0.0):
    - R.swift.Library (~> 4.0.0)
  - R.swift.Library (4.0.0)
  - SDWebImage (4.4.1):
    - SDWebImage/Core (= 4.4.1)
  - SDWebImage/Core (4.4.1)
  - SnapKit (4.0.0)
  - SQLiteRepairKit (1.2.2):
    - WCDBOptimizedSQLCipher (~> 1.2.0)
  - SVProgressHUD (2.2.5)
  - SwiftyJSON (4.1.0)
  - ViewDeck (3.1.0)
  - WCDB.swift (1.0.7.5):
    - SQLiteRepairKit (~> 1.2.0)
    - WCDBOptimizedSQLCipher (~> 1.2.0)
  - WCDBOptimizedSQLCipher (1.2.1)

DEPENDENCIES:
  - Alamofire (~> 4.7)
  - ESTabBarController-swift
  - HandyJSON (~> 4.2.0)
  - Kanna (~> 4.0.0)
  - Kingfisher
  - MJRefresh
  - R.swift
  - SDWebImage
  - SnapKit (~> 4.0.0)
  - SVProgressHUD
  - SwiftyJSON (~> 4.1.0)
  - ViewDeck
  - WCDB.swift (~> 1.0.7.5)

SPEC REPOS:
  https://github.com/cocoapods/specs.git:
    - Alamofire
    - ESTabBarController-swift
    - HandyJSON
    - Kanna
    - Kingfisher
    - MJRefresh
    - R.swift
    - R.swift.Library
    - SDWebImage
    - SnapKit
    - SQLiteRepairKit
    - SVProgressHUD
    - SwiftyJSON
    - ViewDeck
    - WCDB.swift
    - WCDBOptimizedSQLCipher

SPEC CHECKSUMS:
  Alamofire: e4fa87002c137ba2d8d634d2c51fabcda0d5c223
  ESTabBarController-swift: f0a8679e43df1e60b7b36bbcaf1dc98ba6273c7d
  HandyJSON: d0c5fc80204f29056d59d3e5c4587fa0b16b60a8
  Kanna: d5ae2a26472f7e7a474e7f36a9cd8aa2c8c63ad3
  Kingfisher: 9ee7e788d8ba07c3f21ce0d43f33cec310a4f781
  MJRefresh: b48380ae2b927b46c4ef000de9adb8dc748e1df7
  R.swift: d6a5ec2f55a8441dc0ed9f1f8b37d7d11ae85c66
  R.swift.Library: c3af34921024333546e23b70e70d0b4e0cffca75
  SDWebImage: 47e9b5b925cbce75946c23f0c42dd19464189af4
  SnapKit: a42d492c16e80209130a3379f73596c3454b7694
  SQLiteRepairKit: 35aaae5a8838adb85f5b1eb4d796055be6060a4b
  SVProgressHUD: 1428aafac632c1f86f62aa4243ec12008d7a51d6
  SwiftyJSON: c29297daf073d2aa016295d5809cdd68045c39b3
  ViewDeck: 942d90dd23c9f97cc8038be352255378167edcca
  WCDB.swift: 87aee41f5ca3aded9c6f9b68b0ef3e88918a5ee2
  WCDBOptimizedSQLCipher: baf44493b0c7a3d49e97bc5b64a3856f6428ddd1

PODFILE CHECKSUM: 1d2a78682026865ed9c8179aa659944bc70e4ab4

COCOAPODS: 1.5.2
